github.com/starter-go/afs v0.9.2 h1:LwYcz7PWOK92lNBl11kK8J1xGhd1jbhs4d4ahBdg0eU=
github.com/starter-go/afs v0.9.2/go.mod h1:LbhQ6l5VwFV8YNtG+zSnMf2mLB/KCwK9id6zm9quFSU=
github.com/starter-go/application v0.9.14 h1:rg9difstYVrHpCFi/Ir5Mwpq62/AyfiPpjnuGHZM/Y4=
github.com/starter-go/application v0.9.14/go.mod h1:c2hbSchCqAwnMifCYaCAcaFggl9WIwlwsDcVDGPlAsA=
github.com/starter-go/base v0.9.9 h1:XLO0p4VWhMzS/LRnzlSJJdK9/ps0yVWUAaim5oCRJWM=
github.com/starter-go/base v0.9.9/go.mod h1:855h0lveIH1dMfP5u2SQp8LWJlgdstRAEM+MV6HRfLg=
github.com/starter-go/configen v0.9.3 h1:OJi7A9XncTFhvbKc8ZgSYF+bVDBnnGGhR2u8jS5G5XM=
github.com/starter-go/configen v0.9.3/go.mod h1:F0Pw1TAmyIiahcuPBqywIM0nxaYGMD9o4FahvcH2AEQ=
github.com/starter-go/starter v1.0.4 h1:HcryIw7l09JwaaeSEs7og5AneOfEI52IaxpOEf2QUVA=
github.com/starter-go/starter v1.0.4/go.mod h1:j4xPiEqJgINNO92vnmvr28n7SvURI+fDgA5PlB/x6eg=
github.com/starter-go/vlog v0.9.5 h1:Rh5L8KjicweDjH5UDKVQzqG2Q9/y63G1TWHe8u6VZpk=
github.com/starter-go/vlog v0.9.5/go.mod h1:WSaU9IGbEaDe/Eoh2W8JOjSn6wdjfGkgBbxJxaqUI/0=
